
Microsoft Visual Studio Solution File, Format Version 11.00
# Visual Studio 2010
Project("{2150E333-8FDC-42A3-9474-1A3956D46DE8}") = "Solution Items", "Solution Items", "{75F7C5E9-A0B7-4AC0-9013-71EB165458A7}"
	ProjectSection(SolutionItems) = preProject
		validator_module_license.txt = validator_module_license.txt
	EndProjectSection
EndProject
Project("{FAE04EC0-301F-11D3-BF4B-00C04F79EFBC}") = "Naak.HtmlRules", "Naak.HtmlRules\Naak.HtmlRules.csproj", "{5898B957-EF51-4EAC-ABDF-2B2220B3B0F6}"
EndProject
Project("{FAE04EC0-301F-11D3-BF4B-00C04F79EFBC}") = "Naak.UnitTests", "Naak.UnitTests\Naak.UnitTests.csproj", "{3194A851-8F32-4EAA-9134-F6EE3C0FAF82}"
EndProject
Project("{FAE04EC0-301F-11D3-BF4B-00C04F79EFBC}") = "Naak.ExampleUI", "Naak.ExampleUI\Naak.ExampleUI.csproj", "{6F933D05-B282-4C59-B5DD-DDF6DB5A86CF}"
EndProject
Project("{FAE04EC0-301F-11D3-BF4B-00C04F79EFBC}") = "Naak.ExampleMvcUI", "Naak.ExampleMvcUI\Naak.ExampleMvcUI.csproj", "{9BE0EB25-0E1B-4983-9485-ECA8099CE5D5}"
EndProject
Global
	GlobalSection(SolutionConfigurationPlatforms) = preSolution
		Debug|Any CPU = Debug|Any CPU
		Release|Any CPU = Release|Any CPU
	EndGlobalSection
	GlobalSection(ProjectConfigurationPlatforms) = postSolution
		{5898B957-EF51-4EAC-ABDF-2B2220B3B0F6}.Debug|Any CPU.ActiveCfg = Debug|Any CPU
		{5898B957-EF51-4EAC-ABDF-2B2220B3B0F6}.Debug|Any CPU.Build.0 = Debug|Any CPU
		{5898B957-EF51-4EAC-ABDF-2B2220B3B0F6}.Release|Any CPU.ActiveCfg = Release|Any CPU
		{5898B957-EF51-4EAC-ABDF-2B2220B3B0F6}.Release|Any CPU.Build.0 = Release|Any CPU
		{3194A851-8F32-4EAA-9134-F6EE3C0FAF82}.Debug|Any CPU.ActiveCfg = Debug|Any CPU
		{3194A851-8F32-4EAA-9134-F6EE3C0FAF82}.Debug|Any CPU.Build.0 = Debug|Any CPU
		{3194A851-8F32-4EAA-9134-F6EE3C0FAF82}.Release|Any CPU.ActiveCfg = Release|Any CPU
		{3194A851-8F32-4EAA-9134-F6EE3C0FAF82}.Release|Any CPU.Build.0 = Release|Any CPU
		{6F933D05-B282-4C59-B5DD-DDF6DB5A86CF}.Debug|Any CPU.ActiveCfg = Debug|Any CPU
		{6F933D05-B282-4C59-B5DD-DDF6DB5A86CF}.Debug|Any CPU.Build.0 = Debug|Any CPU
		{6F933D05-B282-4C59-B5DD-DDF6DB5A86CF}.Release|Any CPU.ActiveCfg = Release|Any CPU
		{6F933D05-B282-4C59-B5DD-DDF6DB5A86CF}.Release|Any CPU.Build.0 = Release|Any CPU
		{9BE0EB25-0E1B-4983-9485-ECA8099CE5D5}.Debug|Any CPU.ActiveCfg = Debug|Any CPU
		{9BE0EB25-0E1B-4983-9485-ECA8099CE5D5}.Debug|Any CPU.Build.0 = Debug|Any CPU
		{9BE0EB25-0E1B-4983-9485-ECA8099CE5D5}.Release|Any CPU.ActiveCfg = Release|Any CPU
		{9BE0EB25-0E1B-4983-9485-ECA8099CE5D5}.Release|Any CPU.Build.0 = Release|Any CPU
	EndGlobalSection
	GlobalSection(SolutionProperties) = preSolution
		HideSolutionNode = FALSE
	EndGlobalSection
EndGlobal
